lockVersion: 2.0.0
id: 01b173e4-fd15-4f9b-baa2-639b85b48ca1
management:
  docChecksum: e68b021f45280da7f9b8c19469821a11
  docVersion: "1.0"
  speakeasyVersion: internal
  generationVersion: 2.225.2
  releaseVersion: 0.4.0
  configChecksum: 7ba54d06d2f6456ab152503c5bae848e
  repoURL: https://github.com/speakeasy-sdks/taam-ai.git
  repoSubDirectory: .
  installationURL: https://github.com/speakeasy-sdks/taam-ai
  published: true
features:
  php:
    core: 3.3.0
    globalSecurity: 2.81.2
    globalServerURLs: 2.82.1
    methodServerURLs: 2.82.1
generatedFiles:
  - src/SDKConfiguration.php
  - src/WorkbookAndFolders.php
  - src/CustimTemplates.php
  - src/ChatWithPdf.php
  - src/Misc.php
  - src/AddonFeatures.php
  - src/Auth.php
  - src/Product.php
  - src/PromptTemplate.php
  - src/Templates.php
  - src/Taamai.php
  - src/TaamaiBuilder.php
  - composer.json
  - phpstan.neon
  - src/Utils/EnumHandler.php
  - src/Utils/FormMetadata.php
  - src/Utils/Headers.php
  - src/Utils/JSON.php
  - src/Utils/MixedJSONHandler.php
  - src/Utils/MultipartMetadata.php
  - src/Utils/ParamsMetadata.php
  - src/Utils/PathParameters.php
  - src/Utils/QueryParameters.php
  - src/Utils/RequestBodies.php
  - src/Utils/RequestMetadata.php
  - src/Utils/Security.php
  - src/Utils/SecurityClient.php
  - src/Utils/SecurityMetadata.php
  - src/Utils/SpeakeasyMetadata.php
  - src/Utils/Utils.php
  - src/Models/Operations/AddandremovefromfavDocumentRequest.php
  - src/Models/Operations/AddandremovefromfavDocumentAddandremovefromfavDocument.php
  - src/Models/Operations/AddandremovefromfavDocumentResponse.php
  - src/Models/Operations/ContentsinworkbookRequest.php
  - src/Models/Operations/ContentsinworkbookResponse.php
  - src/Models/Operations/CreateFolderRequest.php
  - src/Models/Operations/Data3.php
  - src/Models/Operations/CreateFolderCreateFolderlive.php
  - src/Models/Operations/CreateFolderResponse.php
  - src/Models/Operations/CreateWorkbookRequest.php
  - src/Models/Operations/Data.php
  - src/Models/Operations/CreateWorkbookCreateWorkbooklivw.php
  - src/Models/Operations/CreateWorkbookResponse.php
  - src/Models/Operations/DeleteWorkspaceRequest.php
  - src/Models/Operations/DeleteWorkspaceDeleteWorkspacelive.php
  - src/Models/Operations/DeleteWorkspaceResponse.php
  - src/Models/Operations/DeleteallkindofdocumentsDeleteallkindofdocuments.php
  - src/Models/Operations/DeleteallkindofdocumentsResponse.php
  - src/Models/Operations/JoinworkbookRequest.php
  - src/Models/Operations/JoinworkbookJoinworkbook.php
  - src/Models/Operations/JoinworkbookResponse.php
  - src/Models/Operations/JoinworkbookrequestrRequest.php
  - src/Models/Operations/JoinworkbookrequestrJoinworkbookrequestr.php
  - src/Models/Operations/JoinworkbookrequestrResponse.php
  - src/Models/Operations/PermanentDeletefolderRequest.php
  - src/Models/Operations/PermanentDeletefolderResponse.php
  - src/Models/Operations/PermanentDeleteworkspacePermanentDeleteworkspacelive.php
  - src/Models/Operations/PermanentDeleteworkspaceResponse.php
  - src/Models/Operations/RejectWorkbookRequest.php
  - src/Models/Operations/RejectWorkbookRejectWorkbook.php
  - src/Models/Operations/RejectWorkbookResponse.php
  - src/Models/Operations/RestoreDocuemntofalltypeContentVoiceoverImagesTranscriptCodeRequest.php
  - src/Models/Operations/RestoreDocuemntofalltypeContentVoiceoverImagesTranscriptCodeRestoreDocuemntofalltypecontentVoiceoverimagestranscriptcode.php
  - src/Models/Operations/RestoreDocuemntofalltypeContentVoiceoverImagesTranscriptCodeResponse.php
  - src/Models/Operations/RestoreWorkspaceRequest.php
  - src/Models/Operations/RestoreWorkspaceRestoreWorkspacelive.php
  - src/Models/Operations/RestoreWorkspaceResponse.php
  - src/Models/Operations/SetdefualtworkspaceRequest.php
  - src/Models/Operations/SetdefualtworkspaceResponse.php
  - src/Models/Operations/TrashedfoldersRequest.php
  - src/Models/Operations/TrashedfoldersTrashedfolderslive.php
  - src/Models/Operations/TrashedfoldersResponse.php
  - src/Models/Operations/TrashedworkspacesRequest.php
  - src/Models/Operations/TrashedworkspacesTrashedworkspaceslive.php
  - src/Models/Operations/TrashedworkspacesResponse.php
  - src/Models/Operations/WorkbookDetailRequest.php
  - src/Models/Operations/Data1.php
  - src/Models/Operations/WorkbookDetailWorkbookDetaillive.php
  - src/Models/Operations/WorkbookDetailResponse.php
  - src/Models/Operations/WorkbookvoiceoversRequest.php
  - src/Models/Operations/WorkbookvoiceoversWorkbookvoiceovers.php
  - src/Models/Operations/WorkbookvoiceoversResponse.php
  - src/Models/Operations/AllworkbooksRequest.php
  - src/Models/Operations/AllworkbooksAllworkbookslive.php
  - src/Models/Operations/AllworkbooksResponse.php
  - src/Models/Operations/DeletefolderRequest.php
  - src/Models/Operations/DeletefolderDeletefolder.php
  - src/Models/Operations/DeletefolderResponse.php
  - src/Models/Operations/PermanentDeletedocumentRequest.php
  - src/Models/Operations/PermanentDeletedocumentPermanentDeletedocument.php
  - src/Models/Operations/PermanentDeletedocumentResponse.php
  - src/Models/Operations/RestorefolderRequest.php
  - src/Models/Operations/RestorefolderResponse.php
  - src/Models/Operations/UserchatsRequest.php
  - src/Models/Operations/UserchatsUserchats.php
  - src/Models/Operations/UserchatsResponse.php
  - src/Models/Operations/WorkbookcodesRequest.php
  - src/Models/Operations/WorkbookcodesNewRequest.php
  - src/Models/Operations/WorkbookcodesResponse.php
  - src/Models/Operations/WorkbookimagesRequest.php
  - src/Models/Operations/WorkbookimagesWorkbookimages.php
  - src/Models/Operations/WorkbookimagesResponse.php
  - src/Models/Operations/WorkbookpoliciesRequest.php
  - src/Models/Operations/WorkbookpoliciesWorkbookpolicies.php
  - src/Models/Operations/WorkbookpoliciesResponse.php
  - src/Models/Operations/WorkbooktranscriptsRequest.php
  - src/Models/Operations/WorkbooktranscriptsWorkbooktranscripts.php
  - src/Models/Operations/WorkbooktranscriptsResponse.php
  - src/Models/Operations/Data12.php
  - src/Models/Operations/CreateCustomTemplateCreateCustomTemplate.php
  - src/Models/Operations/CreateCustomTemplateResponse.php
  - src/Models/Operations/CustomTemplategenerateRequest.php
  - src/Models/Operations/CustomTemplategenerateCustomTemplategenerate.php
  - src/Models/Operations/CustomTemplategenerateResponse.php
  - src/Models/Operations/CustomTemplatesRequest.php
  - src/Models/Operations/CustomTemplatesResponse.php
  - src/Models/Operations/DeleteCustomtemplateRequest.php
  - src/Models/Operations/DeleteCustomtemplateDeleteCustomtemplate.php
  - src/Models/Operations/DeleteCustomtemplateResponse.php
  - src/Models/Operations/FavCustomTemplatesRequest.php
  - src/Models/Operations/FavCustomTemplatesResponse.php
  - src/Models/Operations/RestoreCustomtemplateRequest.php
  - src/Models/Operations/RestoreCustomtemplateRestorecustomtemplate.php
  - src/Models/Operations/RestoreCustomtemplateResponse.php
  - src/Models/Operations/TrashedCustomTemplatesRequest.php
  - src/Models/Operations/TrashedCustomTemplatesTrashedCustomTemplates.php
  - src/Models/Operations/TrashedCustomTemplatesResponse.php
  - src/Models/Operations/NewRequestRequest.php
  - src/Models/Operations/NewRequestResponse.php
  - src/Models/Operations/SendandgetmsgtochatpdfRequestBody.php
  - src/Models/Operations/SendandgetmsgtochatpdfResponse.php
  - src/Models/Operations/File.php
  - src/Models/Operations/FileuploadRequestBody.php
  - src/Models/Operations/FileuploadResponse.php
  - src/Models/Operations/PdftotextFile.php
  - src/Models/Operations/PdftotextRequestBody.php
  - src/Models/Operations/PdftotextResponse.php
  - src/Models/Operations/UploadfileforchatpdfFile.php
  - src/Models/Operations/UploadfileforchatpdfRequestBody.php
  - src/Models/Operations/UploadfileforchatpdfResponse.php
  - src/Models/Operations/AllCategoriesRequest.php
  - src/Models/Operations/AllCategoriesResponse.php
  - src/Models/Operations/GenerateCodeRequest.php
  - src/Models/Operations/GenerateCodeGenerateCode.php
  - src/Models/Operations/GenerateCodeResponse.php
  - src/Models/Operations/GenerateimagefromAIRequest.php
  - src/Models/Operations/Data17.php
  - src/Models/Operations/GenerateimagefromAIGenerateimagefromAI.php
  - src/Models/Operations/GenerateimagefromAIResponse.php
  - src/Models/Operations/AudioFile.php
  - src/Models/Operations/GeneratespeechtotextRequestBody.php
  - src/Models/Operations/GeneratespeechtotextGeneratespeechtotext.php
  - src/Models/Operations/GeneratespeechtotextResponse.php
  - src/Models/Operations/SavecodeinworkspaceRequest.php
  - src/Models/Operations/SavecodeinworkspaceSavecodeinworkspace.php
  - src/Models/Operations/SavecodeinworkspaceResponse.php
  - src/Models/Operations/SavetranscriptRequest.php
  - src/Models/Operations/SavetranscriptSavetranscript.php
  - src/Models/Operations/SavetranscriptResponse.php
  - src/Models/Operations/RegisterRequest.php
  - src/Models/Operations/User2.php
  - src/Models/Operations/RegisterExamplewithdefaultplansubdomainandsubsctpion.php
  - src/Models/Operations/RegisterResponse.php
  - src/Models/Operations/LoginRequestBody.php
  - src/Models/Operations/User.php
  - src/Models/Operations/LoginLogin.php
  - src/Models/Operations/LoginResponse.php
  - src/Models/Operations/CreateProductRequestBody.php
  - src/Models/Operations/CreateProductCreateProduct.php
  - src/Models/Operations/CreateProductResponse.php
  - src/Models/Operations/DeleteProductRequest.php
  - src/Models/Operations/DeleteProductDeleteProduct.php
  - src/Models/Operations/DeleteProductResponse.php
  - src/Models/Operations/RestoreProductRequest.php
  - src/Models/Operations/RestoreProductRestoreProduct.php
  - src/Models/Operations/RestoreProductResponse.php
  - src/Models/Operations/TrashedProductsRequest.php
  - src/Models/Operations/TrashedProductsTrashedProducts.php
  - src/Models/Operations/TrashedProductsResponse.php
  - src/Models/Operations/UpdateProductRequest.php
  - src/Models/Operations/UpdateProductUpdateProduct.php
  - src/Models/Operations/UpdateProductResponse.php
  - src/Models/Operations/UserProductdRequest.php
  - src/Models/Operations/UserProductdUserProductd.php
  - src/Models/Operations/UserProductdResponse.php
  - src/Models/Operations/ParmenentdeleteProductRequest.php
  - src/Models/Operations/ParmenentdeleteProductNewRequest1.php
  - src/Models/Operations/ParmenentdeleteProductResponse.php
  - src/Models/Operations/AddandremovefrombookmarkprompttemplateRequest.php
  - src/Models/Operations/AddandremovefrombookmarkprompttemplateNewRequest1.php
  - src/Models/Operations/AddandremovefrombookmarkprompttemplateResponse.php
  - src/Models/Operations/CreatePromptTemplateRequest.php
  - src/Models/Operations/CreatePromptTemplateCreatePromptTemplate.php
  - src/Models/Operations/CreatePromptTemplateResponse.php
  - src/Models/Operations/GenerateprompttemplateRequest.php
  - src/Models/Operations/GenerateprompttemplateGenerateprompttemplate.php
  - src/Models/Operations/GenerateprompttemplateResponse.php
  - src/Models/Operations/ParmanentDeletePrompttemplateRequest.php
  - src/Models/Operations/ParmanentDeletePrompttemplateParmanentDeletePrompttemplate.php
  - src/Models/Operations/ParmanentDeletePrompttemplateResponse.php
  - src/Models/Operations/PromptTemplatesRequest.php
  - src/Models/Operations/PromptTemplatesPromptTemplates.php
  - src/Models/Operations/PromptTemplatesResponse.php
  - src/Models/Operations/RestorePromptTemplateRequest.php
  - src/Models/Operations/RestorePromptTemplateRestorePromptTemplate.php
  - src/Models/Operations/RestorePromptTemplateResponse.php
  - src/Models/Operations/TrashedPromptTemplatesRequest.php
  - src/Models/Operations/TrashedPromptTemplatesTrashedPromptTemplates.php
  - src/Models/Operations/TrashedPromptTemplatesResponse.php
  - src/Models/Operations/DeleteprmopttemplateRequest.php
  - src/Models/Operations/DeleteprmopttemplateDeleteprmopttemplate.php
  - src/Models/Operations/DeleteprmopttemplateResponse.php
  - src/Models/Operations/PrompttemplatelikeorremovefromlikeRequest.php
  - src/Models/Operations/PrompttemplatelikeorremovefromlikePrompttemplatelikeorremovefromlike.php
  - src/Models/Operations/PrompttemplatelikeorremovefromlikeResponse.php
  - src/Models/Operations/AllTemplatesRequest.php
  - src/Models/Operations/AllTemplatesAllTemplates.php
  - src/Models/Operations/AllTemplatesResponse.php
  - src/Models/Operations/FavTemplatesRequest.php
  - src/Models/Operations/FavTemplatesResponse.php
  - src/Models/Operations/GenerateTemplateRequest.php
  - src/Models/Operations/GenerateTemplateGenerateTemplate.php
  - src/Models/Operations/GenerateTemplateResponse.php
  - src/Models/Operations/ProcessTemplateRequest.php
  - src/Models/Operations/ProcessTemplateProcessTemplate.php
  - src/Models/Operations/ProcessTemplateResponse.php
  - src/Models/Operations/TemplateDetailRequest.php
  - src/Models/Operations/TemplateDetailResponse.php
  - src/Models/Operations/TemplategroupsResponse.php
  - src/Models/Shared/Contentsinworkbook.php
  - src/Models/Shared/Data4.php
  - src/Models/Shared/Data5.php
  - src/Models/Shared/Data2.php
  - src/Models/Shared/Folder2.php
  - src/Models/Shared/Data6.php
  - src/Models/Shared/Datum1.php
  - src/Models/Shared/Data10.php
  - src/Models/Shared/Data9.php
  - src/Models/Shared/Data8.php
  - src/Models/Shared/Data11.php
  - src/Models/Shared/Data7.php
  - src/Models/Shared/Field.php
  - src/Models/Shared/Pivot.php
  - src/Models/Shared/Role.php
  - src/Models/Shared/Data14.php
  - src/Models/Shared/Data13.php
  - src/Models/Shared/Data15.php
  - src/Models/Shared/Data16.php
  - src/Models/Shared/Datum.php
  - src/Models/Shared/Security.php
  - docs/Models/Operations/AddandremovefromfavDocumentRequest.md
  - docs/Models/Operations/AddandremovefromfavDocumentAddandremovefromfavDocument.md
  - docs/Models/Operations/AddandremovefromfavDocumentResponse.md
  - docs/Models/Operations/ContentsinworkbookRequest.md
  - docs/Models/Operations/ContentsinworkbookResponse.md
  - docs/Models/Operations/CreateFolderRequest.md
  - docs/Models/Operations/Data3.md
  - docs/Models/Operations/CreateFolderCreateFolderlive.md
  - docs/Models/Operations/CreateFolderResponse.md
  - docs/Models/Operations/CreateWorkbookRequest.md
  - docs/Models/Operations/Data.md
  - docs/Models/Operations/CreateWorkbookCreateWorkbooklivw.md
  - docs/Models/Operations/CreateWorkbookResponse.md
  - docs/Models/Operations/DeleteWorkspaceRequest.md
  - docs/Models/Operations/DeleteWorkspaceDeleteWorkspacelive.md
  - docs/Models/Operations/DeleteWorkspaceResponse.md
  - docs/Models/Operations/DeleteallkindofdocumentsDeleteallkindofdocuments.md
  - docs/Models/Operations/DeleteallkindofdocumentsResponse.md
  - docs/Models/Operations/JoinworkbookRequest.md
  - docs/Models/Operations/JoinworkbookJoinworkbook.md
  - docs/Models/Operations/JoinworkbookResponse.md
  - docs/Models/Operations/JoinworkbookrequestrRequest.md
  - docs/Models/Operations/JoinworkbookrequestrJoinworkbookrequestr.md
  - docs/Models/Operations/JoinworkbookrequestrResponse.md
  - docs/Models/Operations/PermanentDeletefolderRequest.md
  - docs/Models/Operations/PermanentDeletefolderResponse.md
  - docs/Models/Operations/PermanentDeleteworkspacePermanentDeleteworkspacelive.md
  - docs/Models/Operations/PermanentDeleteworkspaceResponse.md
  - docs/Models/Operations/RejectWorkbookRequest.md
  - docs/Models/Operations/RejectWorkbookRejectWorkbook.md
  - docs/Models/Operations/RejectWorkbookResponse.md
  - docs/Models/Operations/RestoreDocuemntofalltypeContentVoiceoverImagesTranscriptCodeRequest.md
  - docs/Models/Operations/RestoreDocuemntofalltypeContentVoiceoverImagesTranscriptCodeRestoreDocuemntofalltypecontentVoiceoverimagestranscriptcode.md
  - docs/Models/Operations/RestoreDocuemntofalltypeContentVoiceoverImagesTranscriptCodeResponse.md
  - docs/Models/Operations/RestoreWorkspaceRequest.md
  - docs/Models/Operations/RestoreWorkspaceRestoreWorkspacelive.md
  - docs/Models/Operations/RestoreWorkspaceResponse.md
  - docs/Models/Operations/SetdefualtworkspaceRequest.md
  - docs/Models/Operations/SetdefualtworkspaceResponse.md
  - docs/Models/Operations/TrashedfoldersRequest.md
  - docs/Models/Operations/TrashedfoldersTrashedfolderslive.md
  - docs/Models/Operations/TrashedfoldersResponse.md
  - docs/Models/Operations/TrashedworkspacesRequest.md
  - docs/Models/Operations/TrashedworkspacesTrashedworkspaceslive.md
  - docs/Models/Operations/TrashedworkspacesResponse.md
  - docs/Models/Operations/WorkbookDetailRequest.md
  - docs/Models/Operations/Data1.md
  - docs/Models/Operations/WorkbookDetailWorkbookDetaillive.md
  - docs/Models/Operations/WorkbookDetailResponse.md
  - docs/Models/Operations/WorkbookvoiceoversRequest.md
  - docs/Models/Operations/WorkbookvoiceoversWorkbookvoiceovers.md
  - docs/Models/Operations/WorkbookvoiceoversResponse.md
  - docs/Models/Operations/AllworkbooksRequest.md
  - docs/Models/Operations/AllworkbooksAllworkbookslive.md
  - docs/Models/Operations/AllworkbooksResponse.md
  - docs/Models/Operations/DeletefolderRequest.md
  - docs/Models/Operations/DeletefolderDeletefolder.md
  - docs/Models/Operations/DeletefolderResponse.md
  - docs/Models/Operations/PermanentDeletedocumentRequest.md
  - docs/Models/Operations/PermanentDeletedocumentPermanentDeletedocument.md
  - docs/Models/Operations/PermanentDeletedocumentResponse.md
  - docs/Models/Operations/RestorefolderRequest.md
  - docs/Models/Operations/RestorefolderResponse.md
  - docs/Models/Operations/UserchatsRequest.md
  - docs/Models/Operations/UserchatsUserchats.md
  - docs/Models/Operations/UserchatsResponse.md
  - docs/Models/Operations/WorkbookcodesRequest.md
  - docs/Models/Operations/WorkbookcodesNewRequest.md
  - docs/Models/Operations/WorkbookcodesResponse.md
  - docs/Models/Operations/WorkbookimagesRequest.md
  - docs/Models/Operations/WorkbookimagesWorkbookimages.md
  - docs/Models/Operations/WorkbookimagesResponse.md
  - docs/Models/Operations/WorkbookpoliciesRequest.md
  - docs/Models/Operations/WorkbookpoliciesWorkbookpolicies.md
  - docs/Models/Operations/WorkbookpoliciesResponse.md
  - docs/Models/Operations/WorkbooktranscriptsRequest.md
  - docs/Models/Operations/WorkbooktranscriptsWorkbooktranscripts.md
  - docs/Models/Operations/WorkbooktranscriptsResponse.md
  - docs/Models/Operations/Data12.md
  - docs/Models/Operations/CreateCustomTemplateCreateCustomTemplate.md
  - docs/Models/Operations/CreateCustomTemplateResponse.md
  - docs/Models/Operations/CustomTemplategenerateRequest.md
  - docs/Models/Operations/CustomTemplategenerateCustomTemplategenerate.md
  - docs/Models/Operations/CustomTemplategenerateResponse.md
  - docs/Models/Operations/CustomTemplatesRequest.md
  - docs/Models/Operations/CustomTemplatesResponse.md
  - docs/Models/Operations/DeleteCustomtemplateRequest.md
  - docs/Models/Operations/DeleteCustomtemplateDeleteCustomtemplate.md
  - docs/Models/Operations/DeleteCustomtemplateResponse.md
  - docs/Models/Operations/FavCustomTemplatesRequest.md
  - docs/Models/Operations/FavCustomTemplatesResponse.md
  - docs/Models/Operations/RestoreCustomtemplateRequest.md
  - docs/Models/Operations/RestoreCustomtemplateRestorecustomtemplate.md
  - docs/Models/Operations/RestoreCustomtemplateResponse.md
  - docs/Models/Operations/TrashedCustomTemplatesRequest.md
  - docs/Models/Operations/TrashedCustomTemplatesTrashedCustomTemplates.md
  - docs/Models/Operations/TrashedCustomTemplatesResponse.md
  - docs/Models/Operations/NewRequestRequest.md
  - docs/Models/Operations/NewRequestResponse.md
  - docs/Models/Operations/SendandgetmsgtochatpdfRequestBody.md
  - docs/Models/Operations/SendandgetmsgtochatpdfResponse.md
  - docs/Models/Operations/File.md
  - docs/Models/Operations/FileuploadRequestBody.md
  - docs/Models/Operations/FileuploadResponse.md
  - docs/Models/Operations/PdftotextFile.md
  - docs/Models/Operations/PdftotextRequestBody.md
  - docs/Models/Operations/PdftotextResponse.md
  - docs/Models/Operations/UploadfileforchatpdfFile.md
  - docs/Models/Operations/UploadfileforchatpdfRequestBody.md
  - docs/Models/Operations/UploadfileforchatpdfResponse.md
  - docs/Models/Operations/AllCategoriesRequest.md
  - docs/Models/Operations/AllCategoriesResponse.md
  - docs/Models/Operations/GenerateCodeRequest.md
  - docs/Models/Operations/GenerateCodeGenerateCode.md
  - docs/Models/Operations/GenerateCodeResponse.md
  - docs/Models/Operations/GenerateimagefromAIRequest.md
  - docs/Models/Operations/Data17.md
  - docs/Models/Operations/GenerateimagefromAIGenerateimagefromAI.md
  - docs/Models/Operations/GenerateimagefromAIResponse.md
  - docs/Models/Operations/AudioFile.md
  - docs/Models/Operations/GeneratespeechtotextRequestBody.md
  - docs/Models/Operations/GeneratespeechtotextGeneratespeechtotext.md
  - docs/Models/Operations/GeneratespeechtotextResponse.md
  - docs/Models/Operations/SavecodeinworkspaceRequest.md
  - docs/Models/Operations/SavecodeinworkspaceSavecodeinworkspace.md
  - docs/Models/Operations/SavecodeinworkspaceResponse.md
  - docs/Models/Operations/SavetranscriptRequest.md
  - docs/Models/Operations/SavetranscriptSavetranscript.md
  - docs/Models/Operations/SavetranscriptResponse.md
  - docs/Models/Operations/RegisterRequest.md
  - docs/Models/Operations/User2.md
  - docs/Models/Operations/RegisterExamplewithdefaultplansubdomainandsubsctpion.md
  - docs/Models/Operations/RegisterResponse.md
  - docs/Models/Operations/LoginRequestBody.md
  - docs/Models/Operations/User.md
  - docs/Models/Operations/LoginLogin.md
  - docs/Models/Operations/LoginResponse.md
  - docs/Models/Operations/CreateProductRequestBody.md
  - docs/Models/Operations/CreateProductCreateProduct.md
  - docs/Models/Operations/CreateProductResponse.md
  - docs/Models/Operations/DeleteProductRequest.md
  - docs/Models/Operations/DeleteProductDeleteProduct.md
  - docs/Models/Operations/DeleteProductResponse.md
  - docs/Models/Operations/RestoreProductRequest.md
  - docs/Models/Operations/RestoreProductRestoreProduct.md
  - docs/Models/Operations/RestoreProductResponse.md
  - docs/Models/Operations/TrashedProductsRequest.md
  - docs/Models/Operations/TrashedProductsTrashedProducts.md
  - docs/Models/Operations/TrashedProductsResponse.md
  - docs/Models/Operations/UpdateProductRequest.md
  - docs/Models/Operations/UpdateProductUpdateProduct.md
  - docs/Models/Operations/UpdateProductResponse.md
  - docs/Models/Operations/UserProductdRequest.md
  - docs/Models/Operations/UserProductdUserProductd.md
  - docs/Models/Operations/UserProductdResponse.md
  - docs/Models/Operations/ParmenentdeleteProductRequest.md
  - docs/Models/Operations/ParmenentdeleteProductNewRequest1.md
  - docs/Models/Operations/ParmenentdeleteProductResponse.md
  - docs/Models/Operations/AddandremovefrombookmarkprompttemplateRequest.md
  - docs/Models/Operations/AddandremovefrombookmarkprompttemplateNewRequest1.md
  - docs/Models/Operations/AddandremovefrombookmarkprompttemplateResponse.md
  - docs/Models/Operations/CreatePromptTemplateRequest.md
  - docs/Models/Operations/CreatePromptTemplateCreatePromptTemplate.md
  - docs/Models/Operations/CreatePromptTemplateResponse.md
  - docs/Models/Operations/GenerateprompttemplateRequest.md
  - docs/Models/Operations/GenerateprompttemplateGenerateprompttemplate.md
  - docs/Models/Operations/GenerateprompttemplateResponse.md
  - docs/Models/Operations/ParmanentDeletePrompttemplateRequest.md
  - docs/Models/Operations/ParmanentDeletePrompttemplateParmanentDeletePrompttemplate.md
  - docs/Models/Operations/ParmanentDeletePrompttemplateResponse.md
  - docs/Models/Operations/PromptTemplatesRequest.md
  - docs/Models/Operations/PromptTemplatesPromptTemplates.md
  - docs/Models/Operations/PromptTemplatesResponse.md
  - docs/Models/Operations/RestorePromptTemplateRequest.md
  - docs/Models/Operations/RestorePromptTemplateRestorePromptTemplate.md
  - docs/Models/Operations/RestorePromptTemplateResponse.md
  - docs/Models/Operations/TrashedPromptTemplatesRequest.md
  - docs/Models/Operations/TrashedPromptTemplatesTrashedPromptTemplates.md
  - docs/Models/Operations/TrashedPromptTemplatesResponse.md
  - docs/Models/Operations/DeleteprmopttemplateRequest.md
  - docs/Models/Operations/DeleteprmopttemplateDeleteprmopttemplate.md
  - docs/Models/Operations/DeleteprmopttemplateResponse.md
  - docs/Models/Operations/PrompttemplatelikeorremovefromlikeRequest.md
  - docs/Models/Operations/PrompttemplatelikeorremovefromlikePrompttemplatelikeorremovefromlike.md
  - docs/Models/Operations/PrompttemplatelikeorremovefromlikeResponse.md
  - docs/Models/Operations/AllTemplatesRequest.md
  - docs/Models/Operations/AllTemplatesAllTemplates.md
  - docs/Models/Operations/AllTemplatesResponse.md
  - docs/Models/Operations/FavTemplatesRequest.md
  - docs/Models/Operations/FavTemplatesResponse.md
  - docs/Models/Operations/GenerateTemplateRequest.md
  - docs/Models/Operations/GenerateTemplateGenerateTemplate.md
  - docs/Models/Operations/GenerateTemplateResponse.md
  - docs/Models/Operations/ProcessTemplateRequest.md
  - docs/Models/Operations/ProcessTemplateProcessTemplate.md
  - docs/Models/Operations/ProcessTemplateResponse.md
  - docs/Models/Operations/TemplateDetailRequest.md
  - docs/Models/Operations/TemplateDetailResponse.md
  - docs/Models/Operations/TemplategroupsResponse.md
  - docs/Models/Shared/Contentsinworkbook.md
  - docs/Models/Shared/Data4.md
  - docs/Models/Shared/Data5.md
  - docs/Models/Shared/Data2.md
  - docs/Models/Shared/Folder2.md
  - docs/Models/Shared/Data6.md
  - docs/Models/Shared/Datum1.md
  - docs/Models/Shared/Data10.md
  - docs/Models/Shared/Data9.md
  - docs/Models/Shared/Data8.md
  - docs/Models/Shared/Data11.md
  - docs/Models/Shared/Data7.md
  - docs/Models/Shared/Field.md
  - docs/Models/Shared/Pivot.md
  - docs/Models/Shared/Role.md
  - docs/Models/Shared/Data14.md
  - docs/Models/Shared/Data13.md
  - docs/Models/Shared/Data15.md
  - docs/Models/Shared/Data16.md
  - docs/Models/Shared/Datum.md
  - docs/Models/Shared/Security.md
  - docs/sdks/taamai/README.md
  - docs/sdks/workbookandfolders/README.md
  - docs/sdks/custimtemplates/README.md
  - docs/sdks/chatwithpdf/README.md
  - docs/sdks/misc/README.md
  - docs/sdks/addonfeatures/README.md
  - docs/sdks/auth/README.md
  - docs/sdks/product/README.md
  - docs/sdks/prompttemplate/README.md
  - docs/sdks/templates/README.md
  - USAGE.md
  - .gitattributes
